
Microsoft Visual Studio Solution File, Format Version 12.00
# Visual Studio Version 16
VisualStudioVersion = 16.0.30804.86
MinimumVisualStudioVersion = 10.0.40219.1
Project("{FAE04EC0-301F-11D3-BF4B-00C04F79EFBC}") = "monitorBuddyTray", "monitorBuddyTray.csproj", "{636603CC-7DD0-4689-99E5-F35E380DEC6A}"
EndProject
Project("{C7167F0D-BC9F-4E6E-AFE1-012C56B48DB5}") = "PackageProject", "PackageProject\PackageProject.wapproj", "{36BF67FB-66AE-443D-8C48-EF493896F92E}"
EndProject
Global
	GlobalSection(SolutionConfigurationPlatforms) = preSolution
		Debug|Any CPU = Debug|Any CPU
		Debug|ARM = Debug|ARM
		Debug|ARM64 = Debug|ARM64
		Debug|x64 = Debug|x64
		Debug|x86 = Debug|x86
		Release|Any CPU = Release|Any CPU
		Release|ARM = Release|ARM
		Release|ARM64 = Release|ARM64
		Release|x64 = Release|x64
		Release|x86 = Release|x86
	EndGlobalSection
	GlobalSection(ProjectConfigurationPlatforms) = postSolution
		{636603CC-7DD0-4689-99E5-F35E380DEC6A}.Debug|Any CPU.ActiveCfg = Debug|Any CPU
		{636603CC-7DD0-4689-99E5-F35E380DEC6A}.Debug|Any CPU.Build.0 = Debug|Any CPU
		{636603CC-7DD0-4689-99E5-F35E380DEC6A}.Debug|ARM.ActiveCfg = Debug|Any CPU
		{636603CC-7DD0-4689-99E5-F35E380DEC6A}.Debug|ARM.Build.0 = Debug|Any CPU
		{636603CC-7DD0-4689-99E5-F35E380DEC6A}.Debug|ARM64.ActiveCfg = Debug|Any CPU
		{636603CC-7DD0-4689-99E5-F35E380DEC6A}.Debug|ARM64.Build.0 = Debug|Any CPU
		{636603CC-7DD0-4689-99E5-F35E380DEC6A}.Debug|x64.ActiveCfg = Debug|Any CPU
		{636603CC-7DD0-4689-99E5-F35E380DEC6A}.Debug|x64.Build.0 = Debug|Any CPU
		{636603CC-7DD0-4689-99E5-F35E380DEC6A}.Debug|x86.ActiveCfg = Debug|Any CPU
		{636603CC-7DD0-4689-99E5-F35E380DEC6A}.Debug|x86.Build.0 = Debug|Any CPU
		{636603CC-7DD0-4689-99E5-F35E380DEC6A}.Release|Any CPU.ActiveCfg = Release|Any CPU
		{636603CC-7DD0-4689-99E5-F35E380DEC6A}.Release|Any CPU.Build.0 = Release|Any CPU
		{636603CC-7DD0-4689-99E5-F35E380DEC6A}.Release|ARM.ActiveCfg = Release|Any CPU
		{636603CC-7DD0-4689-99E5-F35E380DEC6A}.Release|ARM.Build.0 = Release|Any CPU
		{636603CC-7DD0-4689-99E5-F35E380DEC6A}.Release|ARM64.ActiveCfg = Release|Any CPU
		{636603CC-7DD0-4689-99E5-F35E380DEC6A}.Release|ARM64.Build.0 = Release|Any CPU
		{636603CC-7DD0-4689-99E5-F35E380DEC6A}.Release|x64.ActiveCfg = Release|Any CPU
		{636603CC-7DD0-4689-99E5-F35E380DEC6A}.Release|x64.Build.0 = Release|Any CPU
		{636603CC-7DD0-4689-99E5-F35E380DEC6A}.Release|x86.ActiveCfg = Release|Any CPU
		{636603CC-7DD0-4689-99E5-F35E380DEC6A}.Release|x86.Build.0 = Release|Any CPU
		{36BF67FB-66AE-443D-8C48-EF493896F92E}.Debug|Any CPU.ActiveCfg = Debug|Any CPU
		{36BF67FB-66AE-443D-8C48-EF493896F92E}.Debug|Any CPU.Build.0 = Debug|Any CPU
		{36BF67FB-66AE-443D-8C48-EF493896F92E}.Debug|Any CPU.Deploy.0 = Debug|Any CPU
		{36BF67FB-66AE-443D-8C48-EF493896F92E}.Debug|ARM.ActiveCfg = Debug|ARM
		{36BF67FB-66AE-443D-8C48-EF493896F92E}.Debug|ARM.Build.0 = Debug|ARM
		{36BF67FB-66AE-443D-8C48-EF493896F92E}.Debug|ARM.Deploy.0 = Debug|ARM
		{36BF67FB-66AE-443D-8C48-EF493896F92E}.Debug|ARM64.ActiveCfg = Debug|ARM64
		{36BF67FB-66AE-443D-8C48-EF493896F92E}.Debug|ARM64.Build.0 = Debug|ARM64
		{36BF67FB-66AE-443D-8C48-EF493896F92E}.Debug|ARM64.Deploy.0 = Debug|ARM64
		{36BF67FB-66AE-443D-8C48-EF493896F92E}.Debug|x64.ActiveCfg = Debug|x64
		{36BF67FB-66AE-443D-8C48-EF493896F92E}.Debug|x64.Build.0 = Debug|x64
		{36BF67FB-66AE-443D-8C48-EF493896F92E}.Debug|x64.Deploy.0 = Debug|x64
		{36BF67FB-66AE-443D-8C48-EF493896F92E}.Debug|x86.ActiveCfg = Debug|x86
		{36BF67FB-66AE-443D-8C48-EF493896F92E}.Debug|x86.Build.0 = Debug|x86
		{36BF67FB-66AE-443D-8C48-EF493896F92E}.Debug|x86.Deploy.0 = Debug|x86
		{36BF67FB-66AE-443D-8C48-EF493896F92E}.Release|Any CPU.ActiveCfg = Release|Any CPU
		{36BF67FB-66AE-443D-8C48-EF493896F92E}.Release|Any CPU.Build.0 = Release|Any CPU
		{36BF67FB-66AE-443D-8C48-EF493896F92E}.Release|Any CPU.Deploy.0 = Release|Any CPU
		{36BF67FB-66AE-443D-8C48-EF493896F92E}.Release|ARM.ActiveCfg = Release|ARM
		{36BF67FB-66AE-443D-8C48-EF493896F92E}.Release|ARM.Build.0 = Release|ARM
		{36BF67FB-66AE-443D-8C48-EF493896F92E}.Release|ARM.Deploy.0 = Release|ARM
		{36BF67FB-66AE-443D-8C48-EF493896F92E}.Release|ARM64.ActiveCfg = Release|ARM64
		{36BF67FB-66AE-443D-8C48-EF493896F92E}.Release|ARM64.Build.0 = Release|ARM64
		{36BF67FB-66AE-443D-8C48-EF493896F92E}.Release|ARM64.Deploy.0 = Release|ARM64
		{36BF67FB-66AE-443D-8C48-EF493896F92E}.Release|x64.ActiveCfg = Release|x64
		{36BF67FB-66AE-443D-8C48-EF493896F92E}.Release|x64.Build.0 = Release|x64
		{36BF67FB-66AE-443D-8C48-EF493896F92E}.Release|x64.Deploy.0 = Release|x64
		{36BF67FB-66AE-443D-8C48-EF493896F92E}.Release|x86.ActiveCfg = Release|x86
		{36BF67FB-66AE-443D-8C48-EF493896F92E}.Release|x86.Build.0 = Release|x86
		{36BF67FB-66AE-443D-8C48-EF493896F92E}.Release|x86.Deploy.0 = Release|x86
	EndGlobalSection
	GlobalSection(SolutionProperties) = preSolution
		HideSolutionNode = FALSE
	EndGlobalSection
	GlobalSection(ExtensibilityGlobals) = postSolution
		SolutionGuid = {A22DC6B1-F374-4890-A49F-C9113557411A}
	EndGlobalSection
EndGlobal
