<?xml version="1.0" encoding="utf-8"?>
<Project ToolsVersion="4.0" xmlns="http://schemas.microsoft.com/developer/msbuild/2003">
  <ItemGroup>
    <Filter Include="Source Files">
      <UniqueIdentifier>{4FC737F1-C7A5-4376-A066-2A32D752A2FF}</UniqueIdentifier>
      <Extensions>cpp;c;cc;cxx;def;odl;idl;hpj;bat;asm;asmx</Extensions>
    </Filter>
    <Filter Include="Header Files">
      <UniqueIdentifier>{93995380-89BD-4b04-88EB-625FBE52EBFB}</UniqueIdentifier>
      <Extensions>h;hh;hpp;hxx;hm;inl;inc;xsd</Extensions>
    </Filter>
    <Filter Include="Resource Files">
      <UniqueIdentifier>{67DA6AB6-F800-4c08-8B7A-83BB121AAD01}</UniqueIdentifier>
      <Extensions>rc;ico;cur;bmp;dlg;rc2;rct;bin;rgs;gif;jpg;jpeg;jpe;resx;tiff;tif;png;wav;mfcribbon-ms</Extensions>
    </Filter>
    <Filter Include="Source Files\usbdrv">
      <UniqueIdentifier>{5c36d92e-7450-4c13-8271-770cad7a085a}</UniqueIdentifier>
    </Filter>
  </ItemGroup>
  <ItemGroup>
    <None Include="monitorBuddy.ino" />
    <None Include="v-usb\usbdrv\asmcommon.inc">
      <Filter>Source Files\usbdrv</Filter>
    </None>
    <None Include="v-usb\usbdrv\usbdrvasm.S">
      <Filter>Source Files\usbdrv</Filter>
    </None>
    <None Include="v-usb\usbdrv\usbdrvasm12.inc">
      <Filter>Source Files\usbdrv</Filter>
    </None>
    <None Include="v-usb\usbdrv\usbdrvasm15.inc">
      <Filter>Source Files\usbdrv</Filter>
    </None>
    <None Include="v-usb\usbdrv\usbdrvasm16.inc">
      <Filter>Source Files\usbdrv</Filter>
    </None>
    <None Include="v-usb\usbdrv\usbdrvasm18.inc">
      <Filter>Source Files\usbdrv</Filter>
    </None>
    <None Include="v-usb\usbdrv\usbdrvasm18-crc.inc">
      <Filter>Source Files\usbdrv</Filter>
    </None>
    <None Include="v-usb\usbdrv\usbdrvasm20.inc">
      <Filter>Source Files\usbdrv</Filter>
    </None>
    <None Include="v-usb\usbdrv\usbdrvasm128.inc">
      <Filter>Source Files\usbdrv</Filter>
    </None>
    <None Include="v-usb\usbdrv\usbdrvasm165.inc">
      <Filter>Source Files\usbdrv</Filter>
    </None>
  </ItemGroup>
  <ItemGroup>
    <ClInclude Include="__vm\.monitorBuddy.vsarduino.h">
      <Filter>Header Files</Filter>
    </ClInclude>
    <ClInclude Include="v-usb\usbdrv\oddebug.h">
      <Filter>Source Files\usbdrv</Filter>
    </ClInclude>
    <ClInclude Include="v-usb\usbdrv\usbdrv.h">
      <Filter>Source Files\usbdrv</Filter>
    </ClInclude>
    <ClInclude Include="v-usb\usbdrv\usbportability.h">
      <Filter>Source Files\usbdrv</Filter>
    </ClInclude>
    <ClInclude Include="MonitorBuddyApp.h">
      <Filter>Header Files</Filter>
    </ClInclude>
    <ClInclude Include="v-usb\usbdrv\usbconfig.h">
      <Filter>Source Files</Filter>
    </ClInclude>
  </ItemGroup>
  <ItemGroup>
    <ClCompile Include="v-usb\usbdrv\oddebug.c">
      <Filter>Source Files\usbdrv</Filter>
    </ClCompile>
    <ClCompile Include="v-usb\usbdrv\usbdrv.c">
      <Filter>Source Files\usbdrv</Filter>
    </ClCompile>
    <ClCompile Include="usbFunctionSetup.cpp">
      <Filter>Source Files</Filter>
    </ClCompile>
    <ClCompile Include="MonitorBuddyApp.cpp">
      <Filter>Source Files</Filter>
    </ClCompile>
  </ItemGroup>
</Project>